#MicroXplorer Configuration settings - do not modify
CAD.formats=
CAD.pinconfig=
CAD.provider=
CORTEX_M7.IPParameters=default_mode_Activation
CORTEX_M7.default_mode_Activation=1
Dma.Request0=TIM4_CH1
Dma.Request1=TIM4_CH2
Dma.Request10=TIM1_CH4
Dma.Request11=TIM3_CH1
Dma.Request12=TIM3_CH2
Dma.Request13=TIM3_CH3
Dma.Request14=USART1_RX
Dma.Request15=USART1_TX
Dma.Request2=TIM4_CH3
Dma.Request3=TIM1_CH1
Dma.Request4=TIM1_CH2
Dma.Request5=TIM1_CH3
Dma.Request6=TIM8_CH1
Dma.Request7=TIM8_CH2
Dma.Request8=TIM8_CH3
Dma.Request9=TIM8_CH4
Dma.RequestsNb=16
Dma.TIM1_CH1.3.Direction=DMA_PERIPH_TO_MEMORY
Dma.TIM1_CH1.3.EventEnable=DISABLE
Dma.TIM1_CH1.3.FIFOMode=DMA_FIFOMODE_DISABLE
Dma.TIM1_CH1.3.Instance=DMA1_Stream3
Dma.TIM1_CH1.3.MemDataAlignment=DMA_MDATAALIGN_WORD
Dma.TIM1_CH1.3.MemInc=DMA_MINC_ENABLE
Dma.TIM1_CH1.3.Mode=DMA_NORMAL
Dma.TIM1_CH1.3.PeriphDataAlignment=DMA_PDATAALIGN_WORD
Dma.TIM1_CH1.3.PeriphInc=DMA_PINC_DISABLE
Dma.TIM1_CH1.3.Polarity=HAL_DMAMUX_REQ_GEN_RISING
Dma.TIM1_CH1.3.Priority=DMA_PRIORITY_MEDIUM
Dma.TIM1_CH1.3.RequestNumber=1
Dma.TIM1_CH1.3.RequestParameters=Instance,Direction,PeriphInc,MemInc,PeriphDataAlignment,MemDataAlignment,Mode,Priority,FIFOMode,SignalID,Polarity,RequestNumber,SyncSignalID,SyncPolarity,SyncEnable,EventEnable,SyncRequestNumber
Dma.TIM1_CH1.3.SignalID=NONE
Dma.TIM1_CH1.3.SyncEnable=DISABLE
Dma.TIM1_CH1.3.SyncPolarity=HAL_DMAMUX_SYNC_NO_EVENT
Dma.TIM1_CH1.3.SyncRequestNumber=1
Dma.TIM1_CH1.3.SyncSignalID=NONE
Dma.TIM1_CH2.4.Direction=DMA_PERIPH_TO_MEMORY
Dma.TIM1_CH2.4.EventEnable=DISABLE
Dma.TIM1_CH2.4.FIFOMode=DMA_FIFOMODE_DISABLE
Dma.TIM1_CH2.4.Instance=DMA1_Stream4
Dma.TIM1_CH2.4.MemDataAlignment=DMA_MDATAALIGN_WORD
Dma.TIM1_CH2.4.MemInc=DMA_MINC_ENABLE
Dma.TIM1_CH2.4.Mode=DMA_NORMAL
Dma.TIM1_CH2.4.PeriphDataAlignment=DMA_PDATAALIGN_WORD
Dma.TIM1_CH2.4.PeriphInc=DMA_PINC_DISABLE
Dma.TIM1_CH2.4.Polarity=HAL_DMAMUX_REQ_GEN_RISING
Dma.TIM1_CH2.4.Priority=DMA_PRIORITY_MEDIUM
Dma.TIM1_CH2.4.RequestNumber=1
Dma.TIM1_CH2.4.RequestParameters=Instance,Direction,PeriphInc,MemInc,PeriphDataAlignment,MemDataAlignment,Mode,Priority,FIFOMode,SignalID,Polarity,RequestNumber,SyncSignalID,SyncPolarity,SyncEnable,EventEnable,SyncRequestNumber
Dma.TIM1_CH2.4.SignalID=NONE
Dma.TIM1_CH2.4.SyncEnable=DISABLE
Dma.TIM1_CH2.4.SyncPolarity=HAL_DMAMUX_SYNC_NO_EVENT
Dma.TIM1_CH2.4.SyncRequestNumber=1
Dma.TIM1_CH2.4.SyncSignalID=NONE
Dma.TIM1_CH3.5.Direction=DMA_PERIPH_TO_MEMORY
Dma.TIM1_CH3.5.EventEnable=DISABLE
Dma.TIM1_CH3.5.FIFOMode=DMA_FIFOMODE_DISABLE
Dma.TIM1_CH3.5.Instance=DMA1_Stream5
Dma.TIM1_CH3.5.MemDataAlignment=DMA_MDATAALIGN_WORD
Dma.TIM1_CH3.5.MemInc=DMA_MINC_ENABLE
Dma.TIM1_CH3.5.Mode=DMA_NORMAL
Dma.TIM1_CH3.5.PeriphDataAlignment=DMA_PDATAALIGN_WORD
Dma.TIM1_CH3.5.PeriphInc=DMA_PINC_DISABLE
Dma.TIM1_CH3.5.Polarity=HAL_DMAMUX_REQ_GEN_RISING
Dma.TIM1_CH3.5.Priority=DMA_PRIORITY_MEDIUM
Dma.TIM1_CH3.5.RequestNumber=1
Dma.TIM1_CH3.5.RequestParameters=Instance,Direction,PeriphInc,MemInc,PeriphDataAlignment,MemDataAlignment,Mode,Priority,FIFOMode,SignalID,Polarity,RequestNumber,SyncSignalID,SyncPolarity,SyncEnable,EventEnable,SyncRequestNumber
Dma.TIM1_CH3.5.SignalID=NONE
Dma.TIM1_CH3.5.SyncEnable=DISABLE
Dma.TIM1_CH3.5.SyncPolarity=HAL_DMAMUX_SYNC_NO_EVENT
Dma.TIM1_CH3.5.SyncRequestNumber=1
Dma.TIM1_CH3.5.SyncSignalID=NONE
Dma.TIM1_CH4.10.Direction=DMA_PERIPH_TO_MEMORY
Dma.TIM1_CH4.10.EventEnable=DISABLE
Dma.TIM1_CH4.10.FIFOMode=DMA_FIFOMODE_DISABLE
Dma.TIM1_CH4.10.Instance=DMA1_Stream6
Dma.TIM1_CH4.10.MemDataAlignment=DMA_MDATAALIGN_WORD
Dma.TIM1_CH4.10.MemInc=DMA_MINC_ENABLE
Dma.TIM1_CH4.10.Mode=DMA_NORMAL
Dma.TIM1_CH4.10.PeriphDataAlignment=DMA_PDATAALIGN_WORD
Dma.TIM1_CH4.10.PeriphInc=DMA_PINC_DISABLE
Dma.TIM1_CH4.10.Polarity=HAL_DMAMUX_REQ_GEN_RISING
Dma.TIM1_CH4.10.Priority=DMA_PRIORITY_MEDIUM
Dma.TIM1_CH4.10.RequestNumber=1
Dma.TIM1_CH4.10.RequestParameters=Instance,Direction,PeriphInc,MemInc,PeriphDataAlignment,MemDataAlignment,Mode,Priority,FIFOMode,SignalID,Polarity,RequestNumber,SyncSignalID,SyncPolarity,SyncEnable,EventEnable,SyncRequestNumber
Dma.TIM1_CH4.10.SignalID=NONE
Dma.TIM1_CH4.10.SyncEnable=DISABLE
Dma.TIM1_CH4.10.SyncPolarity=HAL_DMAMUX_SYNC_NO_EVENT
Dma.TIM1_CH4.10.SyncRequestNumber=1
Dma.TIM1_CH4.10.SyncSignalID=NONE
Dma.TIM3_CH1.11.Direction=DMA_PERIPH_TO_MEMORY
Dma.TIM3_CH1.11.EventEnable=DISABLE
Dma.TIM3_CH1.11.FIFOMode=DMA_FIFOMODE_DISABLE
Dma.TIM3_CH1.11.Instance=DMA2_Stream3
Dma.TIM3_CH1.11.MemDataAlignment=DMA_MDATAALIGN_WORD
Dma.TIM3_CH1.11.MemInc=DMA_MINC_ENABLE
Dma.TIM3_CH1.11.Mode=DMA_NORMAL
Dma.TIM3_CH1.11.PeriphDataAlignment=DMA_PDATAALIGN_WORD
Dma.TIM3_CH1.11.PeriphInc=DMA_PINC_DISABLE
Dma.TIM3_CH1.11.Polarity=HAL_DMAMUX_REQ_GEN_RISING
Dma.TIM3_CH1.11.Priority=DMA_PRIORITY_MEDIUM
Dma.TIM3_CH1.11.RequestNumber=1
Dma.TIM3_CH1.11.RequestParameters=Instance,Direction,PeriphInc,MemInc,PeriphDataAlignment,MemDataAlignment,Mode,Priority,FIFOMode,SignalID,Polarity,RequestNumber,SyncSignalID,SyncPolarity,SyncEnable,EventEnable,SyncRequestNumber
Dma.TIM3_CH1.11.SignalID=NONE
Dma.TIM3_CH1.11.SyncEnable=DISABLE
Dma.TIM3_CH1.11.SyncPolarity=HAL_DMAMUX_SYNC_NO_EVENT
Dma.TIM3_CH1.11.SyncRequestNumber=1
Dma.TIM3_CH1.11.SyncSignalID=NONE
Dma.TIM3_CH2.12.Direction=DMA_PERIPH_TO_MEMORY
Dma.TIM3_CH2.12.EventEnable=DISABLE
Dma.TIM3_CH2.12.FIFOMode=DMA_FIFOMODE_DISABLE
Dma.TIM3_CH2.12.Instance=DMA2_Stream4
Dma.TIM3_CH2.12.MemDataAlignment=DMA_MDATAALIGN_WORD
Dma.TIM3_CH2.12.MemInc=DMA_MINC_ENABLE
Dma.TIM3_CH2.12.Mode=DMA_NORMAL
Dma.TIM3_CH2.12.PeriphDataAlignment=DMA_PDATAALIGN_WORD
Dma.TIM3_CH2.12.PeriphInc=DMA_PINC_DISABLE
Dma.TIM3_CH2.12.Polarity=HAL_DMAMUX_REQ_GEN_RISING
Dma.TIM3_CH2.12.Priority=DMA_PRIORITY_MEDIUM
Dma.TIM3_CH2.12.RequestNumber=1
Dma.TIM3_CH2.12.RequestParameters=Instance,Direction,PeriphInc,MemInc,PeriphDataAlignment,MemDataAlignment,Mode,Priority,FIFOMode,SignalID,Polarity,RequestNumber,SyncSignalID,SyncPolarity,SyncEnable,EventEnable,SyncRequestNumber
Dma.TIM3_CH2.12.SignalID=NONE
Dma.TIM3_CH2.12.SyncEnable=DISABLE
Dma.TIM3_CH2.12.SyncPolarity=HAL_DMAMUX_SYNC_NO_EVENT
Dma.TIM3_CH2.12.SyncRequestNumber=1
Dma.TIM3_CH2.12.SyncSignalID=NONE
Dma.TIM3_CH3.13.Direction=DMA_PERIPH_TO_MEMORY
Dma.TIM3_CH3.13.EventEnable=DISABLE
Dma.TIM3_CH3.13.FIFOMode=DMA_FIFOMODE_DISABLE
Dma.TIM3_CH3.13.Instance=DMA2_Stream5
Dma.TIM3_CH3.13.MemDataAlignment=DMA_MDATAALIGN_WORD
Dma.TIM3_CH3.13.MemInc=DMA_MINC_ENABLE
Dma.TIM3_CH3.13.Mode=DMA_NORMAL
Dma.TIM3_CH3.13.PeriphDataAlignment=DMA_PDATAALIGN_WORD
Dma.TIM3_CH3.13.PeriphInc=DMA_PINC_DISABLE
Dma.TIM3_CH3.13.Polarity=HAL_DMAMUX_REQ_GEN_RISING
Dma.TIM3_CH3.13.Priority=DMA_PRIORITY_MEDIUM
Dma.TIM3_CH3.13.RequestNumber=1
Dma.TIM3_CH3.13.RequestParameters=Instance,Direction,PeriphInc,MemInc,PeriphDataAlignment,MemDataAlignment,Mode,Priority,FIFOMode,SignalID,Polarity,RequestNumber,SyncSignalID,SyncPolarity,SyncEnable,EventEnable,SyncRequestNumber
Dma.TIM3_CH3.13.SignalID=NONE
Dma.TIM3_CH3.13.SyncEnable=DISABLE
Dma.TIM3_CH3.13.SyncPolarity=HAL_DMAMUX_SYNC_NO_EVENT
Dma.TIM3_CH3.13.SyncRequestNumber=1
Dma.TIM3_CH3.13.SyncSignalID=NONE
Dma.TIM4_CH1.0.Direction=DMA_PERIPH_TO_MEMORY
Dma.TIM4_CH1.0.EventEnable=DISABLE
Dma.TIM4_CH1.0.FIFOMode=DMA_FIFOMODE_DISABLE
Dma.TIM4_CH1.0.Instance=DMA1_Stream0
Dma.TIM4_CH1.0.MemDataAlignment=DMA_MDATAALIGN_WORD
Dma.TIM4_CH1.0.MemInc=DMA_MINC_ENABLE
Dma.TIM4_CH1.0.Mode=DMA_NORMAL
Dma.TIM4_CH1.0.PeriphDataAlignment=DMA_PDATAALIGN_WORD
Dma.TIM4_CH1.0.PeriphInc=DMA_PINC_DISABLE
Dma.TIM4_CH1.0.Polarity=HAL_DMAMUX_REQ_GEN_RISING
Dma.TIM4_CH1.0.Priority=DMA_PRIORITY_MEDIUM
Dma.TIM4_CH1.0.RequestNumber=1
Dma.TIM4_CH1.0.RequestParameters=Instance,Direction,PeriphInc,MemInc,PeriphDataAlignment,MemDataAlignment,Mode,Priority,FIFOMode,SignalID,Polarity,RequestNumber,SyncSignalID,SyncPolarity,SyncEnable,EventEnable,SyncRequestNumber
Dma.TIM4_CH1.0.SignalID=NONE
Dma.TIM4_CH1.0.SyncEnable=DISABLE
Dma.TIM4_CH1.0.SyncPolarity=HAL_DMAMUX_SYNC_NO_EVENT
Dma.TIM4_CH1.0.SyncRequestNumber=1
Dma.TIM4_CH1.0.SyncSignalID=NONE
Dma.TIM4_CH2.1.Direction=DMA_PERIPH_TO_MEMORY
Dma.TIM4_CH2.1.EventEnable=DISABLE
Dma.TIM4_CH2.1.FIFOMode=DMA_FIFOMODE_DISABLE
Dma.TIM4_CH2.1.Instance=DMA1_Stream1
Dma.TIM4_CH2.1.MemDataAlignment=DMA_MDATAALIGN_WORD
Dma.TIM4_CH2.1.MemInc=DMA_MINC_ENABLE
Dma.TIM4_CH2.1.Mode=DMA_NORMAL
Dma.TIM4_CH2.1.PeriphDataAlignment=DMA_PDATAALIGN_WORD
Dma.TIM4_CH2.1.PeriphInc=DMA_PINC_DISABLE
Dma.TIM4_CH2.1.Polarity=HAL_DMAMUX_REQ_GEN_RISING
Dma.TIM4_CH2.1.Priority=DMA_PRIORITY_MEDIUM
Dma.TIM4_CH2.1.RequestNumber=1
Dma.TIM4_CH2.1.RequestParameters=Instance,Direction,PeriphInc,MemInc,PeriphDataAlignment,MemDataAlignment,Mode,Priority,FIFOMode,SignalID,Polarity,RequestNumber,SyncSignalID,SyncPolarity,SyncEnable,EventEnable,SyncRequestNumber
Dma.TIM4_CH2.1.SignalID=NONE
Dma.TIM4_CH2.1.SyncEnable=DISABLE
Dma.TIM4_CH2.1.SyncPolarity=HAL_DMAMUX_SYNC_NO_EVENT
Dma.TIM4_CH2.1.SyncRequestNumber=1
Dma.TIM4_CH2.1.SyncSignalID=NONE
Dma.TIM4_CH3.2.Direction=DMA_PERIPH_TO_MEMORY
Dma.TIM4_CH3.2.EventEnable=DISABLE
Dma.TIM4_CH3.2.FIFOMode=DMA_FIFOMODE_DISABLE
Dma.TIM4_CH3.2.Instance=DMA1_Stream2
Dma.TIM4_CH3.2.MemDataAlignment=DMA_MDATAALIGN_WORD
Dma.TIM4_CH3.2.MemInc=DMA_MINC_ENABLE
Dma.TIM4_CH3.2.Mode=DMA_NORMAL
Dma.TIM4_CH3.2.PeriphDataAlignment=DMA_PDATAALIGN_WORD
Dma.TIM4_CH3.2.PeriphInc=DMA_PINC_DISABLE
Dma.TIM4_CH3.2.Polarity=HAL_DMAMUX_REQ_GEN_RISING
Dma.TIM4_CH3.2.Priority=DMA_PRIORITY_MEDIUM
Dma.TIM4_CH3.2.RequestNumber=1
Dma.TIM4_CH3.2.RequestParameters=Instance,Direction,PeriphInc,MemInc,PeriphDataAlignment,MemDataAlignment,Mode,Priority,FIFOMode,SignalID,Polarity,RequestNumber,SyncSignalID,SyncPolarity,SyncEnable,EventEnable,SyncRequestNumber
Dma.TIM4_CH3.2.SignalID=NONE
Dma.TIM4_CH3.2.SyncEnable=DISABLE
Dma.TIM4_CH3.2.SyncPolarity=HAL_DMAMUX_SYNC_NO_EVENT
Dma.TIM4_CH3.2.SyncRequestNumber=1
Dma.TIM4_CH3.2.SyncSignalID=NONE
Dma.TIM8_CH1.6.Direction=DMA_PERIPH_TO_MEMORY
Dma.TIM8_CH1.6.EventEnable=DISABLE
Dma.TIM8_CH1.6.FIFOMode=DMA_FIFOMODE_DISABLE
Dma.TIM8_CH1.6.Instance=DMA1_Stream7
Dma.TIM8_CH1.6.MemDataAlignment=DMA_MDATAALIGN_WORD
Dma.TIM8_CH1.6.MemInc=DMA_MINC_ENABLE
Dma.TIM8_CH1.6.Mode=DMA_NORMAL
Dma.TIM8_CH1.6.PeriphDataAlignment=DMA_PDATAALIGN_WORD
Dma.TIM8_CH1.6.PeriphInc=DMA_PINC_DISABLE
Dma.TIM8_CH1.6.Polarity=HAL_DMAMUX_REQ_GEN_RISING
Dma.TIM8_CH1.6.Priority=DMA_PRIORITY_MEDIUM
Dma.TIM8_CH1.6.RequestNumber=1
Dma.TIM8_CH1.6.RequestParameters=Instance,Direction,PeriphInc,MemInc,PeriphDataAlignment,MemDataAlignment,Mode,Priority,FIFOMode,SignalID,Polarity,RequestNumber,SyncSignalID,SyncPolarity,SyncEnable,EventEnable,SyncRequestNumber
Dma.TIM8_CH1.6.SignalID=NONE
Dma.TIM8_CH1.6.SyncEnable=DISABLE
Dma.TIM8_CH1.6.SyncPolarity=HAL_DMAMUX_SYNC_NO_EVENT
Dma.TIM8_CH1.6.SyncRequestNumber=1
Dma.TIM8_CH1.6.SyncSignalID=NONE
Dma.TIM8_CH2.7.Direction=DMA_PERIPH_TO_MEMORY
Dma.TIM8_CH2.7.EventEnable=DISABLE
Dma.TIM8_CH2.7.FIFOMode=DMA_FIFOMODE_DISABLE
Dma.TIM8_CH2.7.Instance=DMA2_Stream0
Dma.TIM8_CH2.7.MemDataAlignment=DMA_MDATAALIGN_WORD
Dma.TIM8_CH2.7.MemInc=DMA_MINC_ENABLE
Dma.TIM8_CH2.7.Mode=DMA_NORMAL
Dma.TIM8_CH2.7.PeriphDataAlignment=DMA_PDATAALIGN_WORD
Dma.TIM8_CH2.7.PeriphInc=DMA_PINC_DISABLE
Dma.TIM8_CH2.7.Polarity=HAL_DMAMUX_REQ_GEN_RISING
Dma.TIM8_CH2.7.Priority=DMA_PRIORITY_MEDIUM
Dma.TIM8_CH2.7.RequestNumber=1
Dma.TIM8_CH2.7.RequestParameters=Instance,Direction,PeriphInc,MemInc,PeriphDataAlignment,MemDataAlignment,Mode,Priority,FIFOMode,SignalID,Polarity,RequestNumber,SyncSignalID,SyncPolarity,SyncEnable,EventEnable,SyncRequestNumber
Dma.TIM8_CH2.7.SignalID=NONE
Dma.TIM8_CH2.7.SyncEnable=DISABLE
Dma.TIM8_CH2.7.SyncPolarity=HAL_DMAMUX_SYNC_NO_EVENT
Dma.TIM8_CH2.7.SyncRequestNumber=1
Dma.TIM8_CH2.7.SyncSignalID=NONE
Dma.TIM8_CH3.8.Direction=DMA_PERIPH_TO_MEMORY
Dma.TIM8_CH3.8.EventEnable=DISABLE
Dma.TIM8_CH3.8.FIFOMode=DMA_FIFOMODE_DISABLE
Dma.TIM8_CH3.8.Instance=DMA2_Stream1
Dma.TIM8_CH3.8.MemDataAlignment=DMA_MDATAALIGN_WORD
Dma.TIM8_CH3.8.MemInc=DMA_MINC_ENABLE
Dma.TIM8_CH3.8.Mode=DMA_NORMAL
Dma.TIM8_CH3.8.PeriphDataAlignment=DMA_PDATAALIGN_WORD
Dma.TIM8_CH3.8.PeriphInc=DMA_PINC_DISABLE
Dma.TIM8_CH3.8.Polarity=HAL_DMAMUX_REQ_GEN_RISING
Dma.TIM8_CH3.8.Priority=DMA_PRIORITY_MEDIUM
Dma.TIM8_CH3.8.RequestNumber=1
Dma.TIM8_CH3.8.RequestParameters=Instance,Direction,PeriphInc,MemInc,PeriphDataAlignment,MemDataAlignment,Mode,Priority,FIFOMode,SignalID,Polarity,RequestNumber,SyncSignalID,SyncPolarity,SyncEnable,EventEnable,SyncRequestNumber
Dma.TIM8_CH3.8.SignalID=NONE
Dma.TIM8_CH3.8.SyncEnable=DISABLE
Dma.TIM8_CH3.8.SyncPolarity=HAL_DMAMUX_SYNC_NO_EVENT
Dma.TIM8_CH3.8.SyncRequestNumber=1
Dma.TIM8_CH3.8.SyncSignalID=NONE
Dma.TIM8_CH4.9.Direction=DMA_PERIPH_TO_MEMORY
Dma.TIM8_CH4.9.EventEnable=DISABLE
Dma.TIM8_CH4.9.FIFOMode=DMA_FIFOMODE_DISABLE
Dma.TIM8_CH4.9.Instance=DMA2_Stream2
Dma.TIM8_CH4.9.MemDataAlignment=DMA_MDATAALIGN_WORD
Dma.TIM8_CH4.9.MemInc=DMA_MINC_ENABLE
Dma.TIM8_CH4.9.Mode=DMA_NORMAL
Dma.TIM8_CH4.9.PeriphDataAlignment=DMA_PDATAALIGN_WORD
Dma.TIM8_CH4.9.PeriphInc=DMA_PINC_DISABLE
Dma.TIM8_CH4.9.Polarity=HAL_DMAMUX_REQ_GEN_RISING
Dma.TIM8_CH4.9.Priority=DMA_PRIORITY_MEDIUM
Dma.TIM8_CH4.9.RequestNumber=1
Dma.TIM8_CH4.9.RequestParameters=Instance,Direction,PeriphInc,MemInc,PeriphDataAlignment,MemDataAlignment,Mode,Priority,FIFOMode,SignalID,Polarity,RequestNumber,SyncSignalID,SyncPolarity,SyncEnable,EventEnable,SyncRequestNumber
Dma.TIM8_CH4.9.SignalID=NONE
Dma.TIM8_CH4.9.SyncEnable=DISABLE
Dma.TIM8_CH4.9.SyncPolarity=HAL_DMAMUX_SYNC_NO_EVENT
Dma.TIM8_CH4.9.SyncRequestNumber=1
Dma.TIM8_CH4.9.SyncSignalID=NONE
Dma.USART1_RX.14.Direction=DMA_PERIPH_TO_MEMORY
Dma.USART1_RX.14.EventEnable=DISABLE
Dma.USART1_RX.14.FIFOMode=DMA_FIFOMODE_DISABLE
Dma.USART1_RX.14.Instance=DMA2_Stream6
Dma.USART1_RX.14.MemDataAlignment=DMA_MDATAALIGN_BYTE
Dma.USART1_RX.14.MemInc=DMA_MINC_ENABLE
Dma.USART1_RX.14.Mode=DMA_NORMAL
Dma.USART1_RX.14.PeriphDataAlignment=DMA_PDATAALIGN_BYTE
Dma.USART1_RX.14.PeriphInc=DMA_PINC_DISABLE
Dma.USART1_RX.14.Polarity=HAL_DMAMUX_REQ_GEN_RISING
Dma.USART1_RX.14.Priority=DMA_PRIORITY_HIGH
Dma.USART1_RX.14.RequestNumber=1
Dma.USART1_RX.14.RequestParameters=Instance,Direction,PeriphInc,MemInc,PeriphDataAlignment,MemDataAlignment,Mode,Priority,FIFOMode,SignalID,Polarity,RequestNumber,SyncSignalID,SyncPolarity,SyncEnable,EventEnable,SyncRequestNumber
Dma.USART1_RX.14.SignalID=NONE
Dma.USART1_RX.14.SyncEnable=DISABLE
Dma.USART1_RX.14.SyncPolarity=HAL_DMAMUX_SYNC_NO_EVENT
Dma.USART1_RX.14.SyncRequestNumber=1
Dma.USART1_RX.14.SyncSignalID=NONE
Dma.USART1_TX.15.Direction=DMA_MEMORY_TO_PERIPH
Dma.USART1_TX.15.EventEnable=DISABLE
Dma.USART1_TX.15.FIFOMode=DMA_FIFOMODE_DISABLE
Dma.USART1_TX.15.Instance=DMA2_Stream7
Dma.USART1_TX.15.MemDataAlignment=DMA_MDATAALIGN_BYTE
Dma.USART1_TX.15.MemInc=DMA_MINC_ENABLE
Dma.USART1_TX.15.Mode=DMA_NORMAL
Dma.USART1_TX.15.PeriphDataAlignment=DMA_PDATAALIGN_BYTE
Dma.USART1_TX.15.PeriphInc=DMA_PINC_DISABLE
Dma.USART1_TX.15.Polarity=HAL_DMAMUX_REQ_GEN_RISING
Dma.USART1_TX.15.Priority=DMA_PRIORITY_HIGH
Dma.USART1_TX.15.RequestNumber=1
Dma.USART1_TX.15.RequestParameters=Instance,Direction,PeriphInc,MemInc,PeriphDataAlignment,MemDataAlignment,Mode,Priority,FIFOMode,SignalID,Polarity,RequestNumber,SyncSignalID,SyncPolarity,SyncEnable,EventEnable,SyncRequestNumber
Dma.USART1_TX.15.SignalID=NONE
Dma.USART1_TX.15.SyncEnable=DISABLE
Dma.USART1_TX.15.SyncPolarity=HAL_DMAMUX_SYNC_NO_EVENT
Dma.USART1_TX.15.SyncRequestNumber=1
Dma.USART1_TX.15.SyncSignalID=NONE
File.Version=6
GPIO.groupedBy=Group By Peripherals
KeepUserPlacement=false
MMTAppRegionsCount=0
MMTConfigApplied=false
MMTSectionSuffix=_Section
Mcu.CPN=STM32H723ZGT6
Mcu.Family=STM32H7
Mcu.IP0=CORTEX_M7
Mcu.IP1=DMA
Mcu.IP10=TIM8
Mcu.IP11=USART1
Mcu.IP2=MEMORYMAP
Mcu.IP3=NVIC
Mcu.IP4=RCC
Mcu.IP5=SYS
Mcu.IP6=TIM1
Mcu.IP7=TIM2
Mcu.IP8=TIM3
Mcu.IP9=TIM4
Mcu.IPNb=12
Mcu.Name=STM32H723ZGTx
Mcu.Package=LQFP144
Mcu.Pin0=PF8
Mcu.Pin1=PH0-OSC_IN
Mcu.Pin10=PE14
Mcu.Pin11=PB11
Mcu.Pin12=PB14
Mcu.Pin13=PB15
Mcu.Pin14=PD12
Mcu.Pin15=PD13
Mcu.Pin16=PD14
Mcu.Pin17=PC6
Mcu.Pin18=PC7
Mcu.Pin19=PC8
Mcu.Pin2=PH1-OSC_OUT
Mcu.Pin20=PC9
Mcu.Pin21=VP_SYS_VS_Systick
Mcu.Pin22=VP_TIM1_VS_ClockSourceINT
Mcu.Pin23=VP_TIM2_VS_ClockSourceINT
Mcu.Pin24=VP_TIM3_VS_ClockSourceINT
Mcu.Pin25=VP_TIM4_VS_ClockSourceINT
Mcu.Pin26=VP_TIM8_VS_ClockSourceINT
Mcu.Pin27=VP_MEMORYMAP_VS_MEMORYMAP
Mcu.Pin3=PA2
Mcu.Pin4=PA6
Mcu.Pin5=PA7
Mcu.Pin6=PB0
Mcu.Pin7=PE9
Mcu.Pin8=PE11
Mcu.Pin9=PE13
Mcu.PinsNb=28
Mcu.ThirdPartyNb=0
Mcu.UserConstants=
Mcu.UserName=STM32H723ZGTx
MxCube.Version=6.15.0
MxDb.Version=DB.6.0.150
NVIC.BusFault_IRQn=true\:0\:0\:false\:false\:true\:false\:false\:false
NVIC.DMA1_Stream0_IRQn=true\:0\:0\:false\:false\:true\:false\:true\:true
NVIC.DMA1_Stream1_IRQn=true\:0\:0\:false\:false\:true\:false\:true\:true
NVIC.DMA1_Stream2_IRQn=true\:0\:0\:false\:false\:true\:false\:true\:true
NVIC.DMA1_Stream3_IRQn=true\:0\:0\:false\:false\:true\:false\:true\:true
NVIC.DMA1_Stream4_IRQn=true\:0\:0\:false\:false\:true\:false\:true\:true
NVIC.DMA1_Stream5_IRQn=true\:0\:0\:false\:false\:true\:false\:true\:true
NVIC.DMA1_Stream6_IRQn=true\:0\:0\:false\:false\:true\:false\:true\:true
NVIC.DMA1_Stream7_IRQn=true\:0\:0\:false\:false\:true\:false\:true\:true
NVIC.DMA2_Stream0_IRQn=true\:0\:0\:false\:false\:true\:false\:true\:true
NVIC.DMA2_Stream1_IRQn=true\:0\:0\:false\:false\:true\:false\:true\:true
NVIC.DMA2_Stream2_IRQn=true\:0\:0\:false\:false\:true\:false\:true\:true
NVIC.DMA2_Stream3_IRQn=true\:0\:0\:false\:false\:true\:false\:true\:true
NVIC.DMA2_Stream4_IRQn=true\:0\:0\:false\:false\:true\:false\:true\:true
NVIC.DMA2_Stream5_IRQn=true\:0\:0\:false\:false\:true\:false\:true\:true
NVIC.DMA2_Stream6_IRQn=true\:0\:0\:false\:false\:true\:false\:true\:true
NVIC.DMA2_Stream7_IRQn=true\:0\:0\:false\:false\:true\:false\:true\:true
NVIC.DebugMonitor_IRQn=true\:0\:0\:false\:false\:true\:false\:false\:false
NVIC.ForceEnableDMAVector=true
NVIC.HardFault_IRQn=true\:0\:0\:false\:false\:true\:false\:false\:false
NVIC.MemoryManagement_IRQn=true\:0\:0\:false\:false\:true\:false\:false\:false
NVIC.NonMaskableInt_IRQn=true\:0\:0\:false\:false\:true\:false\:false\:false
NVIC.PendSV_IRQn=true\:0\:0\:false\:false\:true\:false\:false\:false
NVIC.PriorityGroup=NVIC_PRIORITYGROUP_4
NVIC.SVCall_IRQn=true\:0\:0\:false\:false\:true\:false\:false\:false
NVIC.SysTick_IRQn=true\:15\:0\:false\:false\:true\:false\:true\:false
NVIC.USART1_IRQn=true\:0\:0\:true\:false\:true\:true\:true\:true
NVIC.UsageFault_IRQn=true\:0\:0\:false\:false\:true\:false\:false\:false
PA2.Locked=true
PA2.Signal=S_TIM2_CH3
PA6.Signal=S_TIM3_CH1
PA7.Signal=S_TIM3_CH2
PB0.Signal=S_TIM3_CH3
PB11.Locked=true
PB11.Signal=S_TIM2_CH4
PB14.Locked=true
PB14.Mode=Asynchronous
PB14.Signal=USART1_TX
PB15.Locked=true
PB15.Mode=Asynchronous
PB15.Signal=USART1_RX
PC6.Signal=S_TIM8_CH1
PC7.Signal=S_TIM8_CH2
PC8.Signal=S_TIM8_CH3
PC9.Signal=S_TIM8_CH4
PD12.Locked=true
PD12.Signal=S_TIM4_CH1
PD13.Signal=S_TIM4_CH2
PD14.Signal=S_TIM4_CH3
PE11.Signal=S_TIM1_CH2
PE13.Signal=S_TIM1_CH3
PE14.Signal=S_TIM1_CH4
PE9.Signal=S_TIM1_CH1
PF8.Locked=true
PF8.Signal=S_TIM13_CH1
PH0-OSC_IN.Mode=HSE-External-Oscillator
PH0-OSC_IN.Signal=RCC_OSC_IN
PH1-OSC_OUT.Mode=HSE-External-Oscillator
PH1-OSC_OUT.Signal=RCC_OSC_OUT
PinOutPanel.RotationAngle=0
ProjectManager.AskForMigrate=true
ProjectManager.BackupPrevious=true
ProjectManager.CompilerLinker=GCC
ProjectManager.CompilerOptimize=6
ProjectManager.ComputerToolchain=false
ProjectManager.CoupleFile=true
ProjectManager.CustomerFirmwarePackage=
ProjectManager.DefaultFWLocation=true
ProjectManager.DeletePrevious=true
ProjectManager.DeviceId=STM32H723ZGTx
ProjectManager.FirmwarePackage=STM32Cube FW_H7 V1.12.1
ProjectManager.FreePins=false
ProjectManager.FreePinsContext=
ProjectManager.HalAssertFull=false
ProjectManager.HeapSize=0x200
ProjectManager.KeepUserCode=true
ProjectManager.LastFirmware=true
ProjectManager.LibraryCopy=0
ProjectManager.MainLocation=Core/Src
ProjectManager.NoMain=false
ProjectManager.PreviousToolchain=
ProjectManager.ProjectBuild=false
ProjectManager.ProjectFileName=rc_10_red_la.ioc
ProjectManager.ProjectName=rc_10_red_la
ProjectManager.ProjectStructure=
ProjectManager.RegisterCallBack=
ProjectManager.StackSize=0x400
ProjectManager.TargetToolchain=MDK-ARM V5.32
ProjectManager.ToolChainLocation=
ProjectManager.UAScriptAfterPath=
ProjectManager.UAScriptBeforePath=
ProjectManager.UnderRoot=false
ProjectManager.functionlistsort=1-SystemClock_Config-RCC-false-HAL-false,2-MX_GPIO_Init-GPIO-false-HAL-true,3-MX_DMA_Init-DMA-false-HAL-true,4-MX_TIM4_Init-TIM4-false-HAL-true,5-MX_TIM2_Init-TIM2-false-HAL-true,6-MX_TIM1_Init-TIM1-false-HAL-true,7-MX_TIM8_Init-TIM8-false-HAL-true,8-MX_TIM3_Init-TIM3-false-HAL-true,9-MX_USART1_UART_Init-USART1-false-HAL-true,0-MX_CORTEX_M7_Init-CORTEX_M7-false-HAL-true
RCC.ADCFreq_Value=50390625
RCC.AHB12Freq_Value=240000000
RCC.AHB4Freq_Value=240000000
RCC.APB1Freq_Value=120000000
RCC.APB2Freq_Value=120000000
RCC.APB3Freq_Value=120000000
RCC.APB4Freq_Value=120000000
RCC.AXIClockFreq_Value=240000000
RCC.CECFreq_Value=32000
RCC.CKPERFreq_Value=64000000
RCC.CortexFreq_Value=480000000
RCC.CpuClockFreq_Value=480000000
RCC.D1CPREFreq_Value=480000000
RCC.D1PPRE=RCC_APB3_DIV2
RCC.D2PPRE1=RCC_APB1_DIV2
RCC.D2PPRE2=RCC_APB2_DIV2
RCC.D3PPRE=RCC_APB4_DIV2
RCC.DFSDMACLkFreq_Value=240000000
RCC.DFSDMFreq_Value=120000000
RCC.DIVM1=5
RCC.DIVN1=96
RCC.DIVP1=1
RCC.DIVP1Freq_Value=480000000
RCC.DIVP2Freq_Value=50390625
RCC.DIVP3Freq_Value=50390625
RCC.DIVQ1Freq_Value=240000000
RCC.DIVQ2Freq_Value=50390625
RCC.DIVQ3Freq_Value=50390625
RCC.DIVR1Freq_Value=240000000
RCC.DIVR2Freq_Value=50390625
RCC.DIVR3Freq_Value=50390625
RCC.FDCANFreq_Value=240000000
RCC.FMCFreq_Value=240000000
RCC.FamilyName=M
RCC.HCLK3ClockFreq_Value=240000000
RCC.HCLKFreq_Value=240000000
RCC.HPRE=RCC_HCLK_DIV2
RCC.I2C123Freq_Value=120000000
RCC.I2C4Freq_Value=120000000
RCC.IPParameters=ADCFreq_Value,AHB12Freq_Value,AHB4Freq_Value,APB1Freq_Value,APB2Freq_Value,APB3Freq_Value,APB4Freq_Value,AXIClockFreq_Value,CECFreq_Value,CKPERFreq_Value,CortexFreq_Value,CpuClockFreq_Value,D1CPREFreq_Value,D1PPRE,D2PPRE1,D2PPRE2,D3PPRE,DFSDMACLkFreq_Value,DFSDMFreq_Value,DIVM1,DIVN1,DIVP1,DIVP1Freq_Value,DIVP2Freq_Value,DIVP3Freq_Value,DIVQ1Freq_Value,DIVQ2Freq_Value,DIVQ3Freq_Value,DIVR1Freq_Value,DIVR2Freq_Value,DIVR3Freq_Value,FDCANFreq_Value,FMCFreq_Value,FamilyName,HCLK3ClockFreq_Value,HCLKFreq_Value,HPRE,I2C123Freq_Value,I2C4Freq_Value,LPTIM1Freq_Value,LPTIM2Freq_Value,LPTIM345Freq_Value,LPUART1Freq_Value,LTDCFreq_Value,MCO1PinFreq_Value,MCO2PinFreq_Value,PLLSourceVirtual,QSPIFreq_Value,RNGFreq_Value,RTCFreq_Value,SAI1Freq_Value,SAI4AFreq_Value,SAI4BFreq_Value,SDMMCFreq_Value,SPDIFRXFreq_Value,SPI123Freq_Value,SPI45Freq_Value,SPI6Freq_Value,SWPMI1Freq_Value,SYSCLKFreq_VALUE,SYSCLKSource,Tim1OutputFreq_Value,Tim2OutputFreq_Value,TraceFreq_Value,USART16Freq_Value,USART234578Freq_Value,USBFreq_Value,VCO1OutputFreq_Value,VCO2OutputFreq_Value,VCO3OutputFreq_Value,VCOInput1Freq_Value,VCOInput2Freq_Value,VCOInput3Freq_Value
RCC.LPTIM1Freq_Value=120000000
RCC.LPTIM2Freq_Value=120000000
RCC.LPTIM345Freq_Value=120000000
RCC.LPUART1Freq_Value=120000000
RCC.LTDCFreq_Value=50390625
RCC.MCO1PinFreq_Value=64000000
RCC.MCO2PinFreq_Value=480000000
RCC.PLLSourceVirtual=RCC_PLLSOURCE_HSE
RCC.QSPIFreq_Value=240000000
RCC.RNGFreq_Value=48000000
RCC.RTCFreq_Value=32000
RCC.SAI1Freq_Value=240000000
RCC.SAI4AFreq_Value=240000000
RCC.SAI4BFreq_Value=240000000
RCC.SDMMCFreq_Value=240000000
RCC.SPDIFRXFreq_Value=240000000
RCC.SPI123Freq_Value=240000000
RCC.SPI45Freq_Value=120000000
RCC.SPI6Freq_Value=120000000
RCC.SWPMI1Freq_Value=120000000
RCC.SYSCLKFreq_VALUE=480000000
RCC.SYSCLKSource=RCC_SYSCLKSOURCE_PLLCLK
RCC.Tim1OutputFreq_Value=240000000
RCC.Tim2OutputFreq_Value=240000000
RCC.TraceFreq_Value=64000000
RCC.USART16Freq_Value=120000000
RCC.USART234578Freq_Value=120000000
RCC.USBFreq_Value=240000000
RCC.VCO1OutputFreq_Value=480000000
RCC.VCO2OutputFreq_Value=100781250
RCC.VCO3OutputFreq_Value=100781250
RCC.VCOInput1Freq_Value=5000000
RCC.VCOInput2Freq_Value=781250
RCC.VCOInput3Freq_Value=781250
SH.S_TIM13_CH1.0=TIM13_CH1
SH.S_TIM13_CH1.ConfNb=1
SH.S_TIM1_CH1.0=TIM1_CH1,Input_Capture1_from_TI1
SH.S_TIM1_CH1.ConfNb=1
SH.S_TIM1_CH2.0=TIM1_CH2,Input_Capture2_from_TI2
SH.S_TIM1_CH2.ConfNb=1
SH.S_TIM1_CH3.0=TIM1_CH3,Input_Capture3_from_TI3
SH.S_TIM1_CH3.ConfNb=1
SH.S_TIM1_CH4.0=TIM1_CH4,Input_Capture4_from_TI4
SH.S_TIM1_CH4.ConfNb=1
SH.S_TIM2_CH3.0=TIM2_CH3,PWM Generation3 CH3
SH.S_TIM2_CH3.ConfNb=1
SH.S_TIM2_CH4.0=TIM2_CH4
SH.S_TIM2_CH4.ConfNb=1
SH.S_TIM3_CH1.0=TIM3_CH1,Input_Capture1_from_TI1
SH.S_TIM3_CH1.ConfNb=1
SH.S_TIM3_CH2.0=TIM3_CH2,Input_Capture2_from_TI2
SH.S_TIM3_CH2.ConfNb=1
SH.S_TIM3_CH3.0=TIM3_CH3,Input_Capture3_from_TI3
SH.S_TIM3_CH3.ConfNb=1
SH.S_TIM4_CH1.0=TIM4_CH1,Input_Capture1_from_TI1
SH.S_TIM4_CH1.ConfNb=1
SH.S_TIM4_CH2.0=TIM4_CH2,Input_Capture2_from_TI2
SH.S_TIM4_CH2.ConfNb=1
SH.S_TIM4_CH3.0=TIM4_CH3,Input_Capture3_from_TI3
SH.S_TIM4_CH3.ConfNb=1
SH.S_TIM8_CH1.0=TIM8_CH1,Input_Capture1_from_TI1
SH.S_TIM8_CH1.ConfNb=1
SH.S_TIM8_CH2.0=TIM8_CH2,Input_Capture2_from_TI2
SH.S_TIM8_CH2.ConfNb=1
SH.S_TIM8_CH3.0=TIM8_CH3,Input_Capture3_from_TI3
SH.S_TIM8_CH3.ConfNb=1
SH.S_TIM8_CH4.0=TIM8_CH4,Input_Capture4_from_TI4
SH.S_TIM8_CH4.ConfNb=1
TIM1.AutoReloadPreload=TIM_AUTORELOAD_PRELOAD_DISABLE
TIM1.Channel-Input_Capture1_from_TI1=TIM_CHANNEL_1
TIM1.Channel-Input_Capture2_from_TI2=TIM_CHANNEL_2
TIM1.Channel-Input_Capture3_from_TI3=TIM_CHANNEL_3
TIM1.Channel-Input_Capture4_from_TI4=TIM_CHANNEL_4
TIM1.IPParameters=Channel-Input_Capture1_from_TI1,Channel-Input_Capture2_from_TI2,Channel-Input_Capture3_from_TI3,Prescaler,AutoReloadPreload,Channel-Input_Capture4_from_TI4
TIM1.Prescaler=239
TIM2.AutoReloadPreload=TIM_AUTORELOAD_PRELOAD_ENABLE
TIM2.Channel-PWM\ Generation3\ CH3=TIM_CHANNEL_3
TIM2.IPParameters=Prescaler,Period,AutoReloadPreload,Channel-PWM Generation3 CH3,Pulse-PWM Generation3 CH3,OCPolarity_3
TIM2.OCPolarity_3=TIM_OCPOLARITY_LOW
TIM2.Period=26
TIM2.Prescaler=239
TIM2.Pulse-PWM\ Generation3\ CH3=17
TIM3.Channel-Input_Capture1_from_TI1=TIM_CHANNEL_1
TIM3.Channel-Input_Capture2_from_TI2=TIM_CHANNEL_2
TIM3.Channel-Input_Capture3_from_TI3=TIM_CHANNEL_3
TIM3.IPParameters=Prescaler,Period,Channel-Input_Capture3_from_TI3,Channel-Input_Capture2_from_TI2,Channel-Input_Capture1_from_TI1
TIM3.Period=65535
TIM3.Prescaler=239
TIM4.Channel-Input_Capture1_from_TI1=TIM_CHANNEL_1
TIM4.Channel-Input_Capture2_from_TI2=TIM_CHANNEL_2
TIM4.Channel-Input_Capture3_from_TI3=TIM_CHANNEL_3
TIM4.ICPolarity_CH1=TIM_INPUTCHANNELPOLARITY_FALLING
TIM4.ICPolarity_CH2=TIM_INPUTCHANNELPOLARITY_FALLING
TIM4.IPParameters=Channel-Input_Capture1_from_TI1,Prescaler,ICPolarity_CH1,Channel-Input_Capture3_from_TI3,Channel-Input_Capture2_from_TI2,ICPolarity_CH2
TIM4.Prescaler=239
TIM8.Channel-Input_Capture1_from_TI1=TIM_CHANNEL_1
TIM8.Channel-Input_Capture2_from_TI2=TIM_CHANNEL_2
TIM8.Channel-Input_Capture3_from_TI3=TIM_CHANNEL_3
TIM8.Channel-Input_Capture4_from_TI4=TIM_CHANNEL_4
TIM8.IPParameters=Channel-Input_Capture1_from_TI1,Channel-Input_Capture2_from_TI2,Channel-Input_Capture3_from_TI3,Channel-Input_Capture4_from_TI4,Prescaler
TIM8.Prescaler=239
USART1.IPParameters=VirtualMode-Asynchronous,OverrunDisableParam
USART1.OverrunDisableParam=ADVFEATURE_OVERRUN_DISABLE
USART1.VirtualMode-Asynchronous=VM_ASYNC
VP_MEMORYMAP_VS_MEMORYMAP.Mode=CurAppReg
VP_MEMORYMAP_VS_MEMORYMAP.Signal=MEMORYMAP_VS_MEMORYMAP
VP_SYS_VS_Systick.Mode=SysTick
VP_SYS_VS_Systick.Signal=SYS_VS_Systick
VP_TIM1_VS_ClockSourceINT.Mode=Internal
VP_TIM1_VS_ClockSourceINT.Signal=TIM1_VS_ClockSourceINT
VP_TIM2_VS_ClockSourceINT.Mode=Internal
VP_TIM2_VS_ClockSourceINT.Signal=TIM2_VS_ClockSourceINT
VP_TIM3_VS_ClockSourceINT.Mode=Internal
VP_TIM3_VS_ClockSourceINT.Signal=TIM3_VS_ClockSourceINT
VP_TIM4_VS_ClockSourceINT.Mode=Internal
VP_TIM4_VS_ClockSourceINT.Signal=TIM4_VS_ClockSourceINT
VP_TIM8_VS_ClockSourceINT.Mode=Internal
VP_TIM8_VS_ClockSourceINT.Signal=TIM8_VS_ClockSourceINT
board=custom
